// !$*UTF8*$!
{
	archiveVersion = 1;
	classes = {
	};
	objectVersion = 50;
	objects = {

/* Begin PBXBuildFile section */
		028D0C5A21AC7DE9000FAAA1 /* AppDelegate.swift in Sources */ = {isa = PBXBuildFile; fileRef = 028D0C5921AC7DE9000FAAA1 /* AppDelegate.swift */; };
		028D0C5F21AC7DE9000FAAA1 /* Main.storyboard in Resources */ = {isa = PBXBuildFile; fileRef = 028D0C5D21AC7DE9000FAAA1 /* Main.storyboard */; };
		028D0C6121AC7DF2000FAAA1 /* Assets.xcassets in Resources */ = {isa = PBXBuildFile; fileRef = 028D0C6021AC7DF2000FAAA1 /* Assets.xcassets */; };
		028D0C6421AC7DF2000FAAA1 /* LaunchScreen.storyboard in Resources */ = {isa = PBXBuildFile; fileRef = 028D0C6221AC7DF2000FAAA1 /* LaunchScreen.storyboard */; };
		02D8027421B1BC1A0058AD9B /* DataViewController.swift in Sources */ = {isa = PBXBuildFile; fileRef = 02D8027321B1BC1A0058AD9B /* DataViewController.swift */; };
		02D8027621B1BC490058AD9B /* BucketItemCell.swift in Sources */ = {isa = PBXBuildFile; fileRef = 02D8027521B1BC490058AD9B /* BucketItemCell.swift */; };
		02D8027921B1BE1B0058AD9B /* BucketItem.swift in Sources */ = {isa = PBXBuildFile; fileRef = 02D8027821B1BE1B0058AD9B /* BucketItem.swift */; };
		02D8027B21B1BFCD0058AD9B /* bucket18.csv in Resources */ = {isa = PBXBuildFile; fileRef = 02D8027A21B1BFCD0058AD9B /* bucket18.csv */; };
/* End PBXBuildFile section */

/* Begin PBXFileReference section */
		028D0C5621AC7DE9000FAAA1 /* Data Project.app */ = {isa = PBXFileReference; explicitFileType = wrapper.application; includeInIndex = 0; path = "Data Project.app"; sourceTree = BUILT_PRODUCTS_DIR; };
		028D0C5921AC7DE9000FAAA1 /* AppDelegate.swift */ = {isa = PBXFileReference; lastKnownFileType = sourcecode.swift; path = AppDelegate.swift; sourceTree = "<group>"; };
		028D0C5E21AC7DE9000FAAA1 /* Base */ = {isa = PBXFileReference; lastKnownFileType = file.storyboard; name = Base; path = Base.lproj/Main.storyboard; sourceTree = "<group>"; };
		028D0C6021AC7DF2000FAAA1 /* Assets.xcassets */ = {isa = PBXFileReference; lastKnownFileType = folder.assetcatalog; path = Assets.xcassets; sourceTree = "<group>"; };
		028D0C6321AC7DF2000FAAA1 /* Base */ = {isa = PBXFileReference; lastKnownFileType = file.storyboard; name = Base; path = Base.lproj/LaunchScreen.storyboard; sourceTree = "<group>"; };
		028D0C6521AC7DF2000FAAA1 /* Info.plist */ = {isa = PBXFileReference; lastKnownFileType = text.plist.xml; path = Info.plist; sourceTree = "<group>"; };
		02D8027321B1BC1A0058AD9B /* DataViewController.swift */ = {isa = PBXFileReference; lastKnownFileType = sourcecode.swift; path = DataViewController.swift; sourceTree = "<group>"; };
		02D8027521B1BC490058AD9B /* BucketItemCell.swift */ = {isa = PBXFileReference; lastKnownFileType = sourcecode.swift; path = BucketItemCell.swift; sourceTree = "<group>"; };
		02D8027821B1BE1B0058AD9B /* BucketItem.swift */ = {isa = PBXFileReference; lastKnownFileType = sourcecode.swift; path = BucketItem.swift; sourceTree = "<group>"; };
		02D8027A21B1BFCD0058AD9B /* bucket18.csv */ = {isa = PBXFileReference; fileEncoding = 4; lastKnownFileType = text; name = bucket18.csv; path = ../../../../Downloads/bucket18.csv; sourceTree = "<group>"; };
/* End PBXFileReference section */

/* Begin PBXFrameworksBuildPhase section */
		028D0C5321AC7DE9000FAAA1 /* Frameworks */ = {
			isa = PBXFrameworksBuildPhase;
			buildActionMask = 2147483647;
			files = (
			);
			runOnlyForDeploymentPostprocessing = 0;
		};
/* End PBXFrameworksBuildPhase section */

/* Begin PBXGroup section */
		028D0C4D21AC7DE9000FAAA1 = {
			isa = PBXGroup;
			children = (
				028D0C5821AC7DE9000FAAA1 /* Data Project */,
				028D0C5721AC7DE9000FAAA1 /* Products */,
			);
			sourceTree = "<group>";
		};
		028D0C5721AC7DE9000FAAA1 /* Products */ = {
			isa = PBXGroup;
			children = (
				028D0C5621AC7DE9000FAAA1 /* Data Project.app */,
			);
			name = Products;
			sourceTree = "<group>";
		};
		028D0C5821AC7DE9000FAAA1 /* Data Project */ = {
			isa = PBXGroup;
			children = (
				02D8027221B1BA8E0058AD9B /* Model */,
				028D0C6D21AC7FA5000FAAA1 /* Controller */,
				028D0C6C21AC7F97000FAAA1 /* View */,
				028D0C6B21AC7E77000FAAA1 /* Resource */,
			);
			path = "Data Project";
			sourceTree = "<group>";
		};
		028D0C6B21AC7E77000FAAA1 /* Resource */ = {
			isa = PBXGroup;
			children = (
				02D8027A21B1BFCD0058AD9B /* bucket18.csv */,
				028D0C5921AC7DE9000FAAA1 /* AppDelegate.swift */,
				028D0C6521AC7DF2000FAAA1 /* Info.plist */,
				028D0C6021AC7DF2000FAAA1 /* Assets.xcassets */,
			);
			path = Resource;
			sourceTree = "<group>";
		};
		028D0C6C21AC7F97000FAAA1 /* View */ = {
			isa = PBXGroup;
			children = (
				028D0C5D21AC7DE9000FAAA1 /* Main.storyboard */,
				028D0C6221AC7DF2000FAAA1 /* LaunchScreen.storyboard */,
			);
			path = View;
			sourceTree = "<group>";
		};
		028D0C6D21AC7FA5000FAAA1 /* Controller */ = {
			isa = PBXGroup;
			children = (
				02D8027321B1BC1A0058AD9B /* DataViewController.swift */,
				02D8027521B1BC490058AD9B /* BucketItemCell.swift */,
			);
			path = Controller;
			sourceTree = "<group>";
		};
		02D8027221B1BA8E0058AD9B /* Model */ = {
			isa = PBXGroup;
			children = (
				02D8027821B1BE1B0058AD9B /* BucketItem.swift */,
			);
			path = Model;
			sourceTree = "<group>";
		};
/* End PBXGroup section */

/* Begin PBXNativeTarget section */
		028D0C5521AC7DE9000FAAA1 /* Data Project */ = {
			isa = PBXNativeTarget;
			buildConfigurationList = 028D0C6821AC7DF2000FAAA1 /* Build configuration list for PBXNativeTarget "Data Project" */;
			buildPhases = (
				028D0C5221AC7DE9000FAAA1 /* Sources */,
				028D0C5321AC7DE9000FAAA1 /* Frameworks */,
				028D0C5421AC7DE9000FAAA1 /* Resources */,
			);
			buildRules = (
			);
			dependencies = (
			);
			name = "Data Project";
			productName = "Data Project";
			productReference = 028D0C5621AC7DE9000FAAA1 /* Data Project.app */;
			productType = "com.apple.product-type.application";
		};
/* End PBXNativeTarget section */

/* Begin PBXProject section */
		028D0C4E21AC7DE9000FAAA1 /* Project object */ = {
			isa = PBXProject;
			attributes = {
				LastSwiftUpdateCheck = 0940;
				LastUpgradeCheck = 0940;
				ORGANIZATIONNAME = Ctec;
				TargetAttributes = {
					028D0C5521AC7DE9000FAAA1 = {
						CreatedOnToolsVersion = 9.4.1;
					};
				};
			};
			buildConfigurationList = 028D0C5121AC7DE9000FAAA1 /* Build configuration list for PBXProject "Data Project" */;
			compatibilityVersion = "Xcode 9.3";
			developmentRegion = en;
			hasScannedForEncodings = 0;
			knownRegions = (
				en,
				Base,
			);
			mainGroup = 028D0C4D21AC7DE9000FAAA1;
			productRefGroup = 028D0C5721AC7DE9000FAAA1 /* Products */;
			projectDirPath = "";
			projectRoot = "";
			targets = (
				028D0C5521AC7DE9000FAAA1 /* Data Project */,
			);
		};
/* End PBXProject section */

/* Begin PBXResourcesBuildPhase section */
		028D0C5421AC7DE9000FAAA1 /* Resources */ = {
			isa = PBXResourcesBuildPhase;
			buildActionMask = 2147483647;
			files = (
				028D0C6421AC7DF2000FAAA1 /* LaunchScreen.storyboard in Resources */,
				02D8027B21B1BFCD0058AD9B /* bucket18.csv in Resources */,
				028D0C6121AC7DF2000FAAA1 /* Assets.xcassets in Resources */,
				028D0C5F21AC7DE9000FAAA1 /* Main.storyboard in Resources */,
			);
			runOnlyForDeploymentPostprocessing = 0;
		};
/* End PBXResourcesBuildPhase section */

/* Begin PBXSourcesBuildPhase section */
		028D0C5221AC7DE9000FAAA1 /* Sources */ = {
			isa = PBXSourcesBuildPhase;
			buildActionMask = 2147483647;
			files = (
				02D8027621B1BC490058AD9B /* BucketItemCell.swift in Sources */,
				02D8027921B1BE1B0058AD9B /* BucketItem.swift in Sources */,
				02D8027421B1BC1A0058AD9B /* DataViewController.swift in Sources */,
				028D0C5A21AC7DE9000FAAA1 /* AppDelegate.swift in Sources */,
			);
			runOnlyForDeploymentPostprocessing = 0;
		};
/* End PBXSourcesBuildPhase section */

/* Begin PBXVariantGroup section */
		028D0C5D21AC7DE9000FAAA1 /* Main.storyboard */ = {
			isa = PBXVariantGroup;
			children = (
				028D0C5E21AC7DE9000FAAA1 /* Base */,
			);
			name = Main.storyboard;
			sourceTree = "<group>";
		};
		028D0C6221AC7DF2000FAAA1 /* LaunchScreen.storyboard */ = {
			isa = PBXVariantGroup;
			children = (
				028D0C6321AC7DF2000FAAA1 /* Base */,
			);
			name = LaunchScreen.storyboard;
			sourceTree = "<group>";
		};
/* End PBXVariantGroup section */

/* Begin XCBuildConfiguration section */
		028D0C6621AC7DF2000FAAA1 /* Debug */ = {
			isa = XCBuildConfiguration;
			buildSettings = {
				ALWAYS_SEARCH_USER_PATHS = NO;
				CLANG_ANALYZER_NONNULL = YES;
				CLANG_ANALYZER_NUMBER_OBJECT_CONVERSION = YES_AGGRESSIVE;
				CLANG_CXX_LANGUAGE_STANDARD = "gnu++14";
				CLANG_CXX_LIBRARY = "libc++";
				CLANG_ENABLE_MODULES = YES;
				CLANG_ENABLE_OBJC_ARC = YES;
				CLANG_ENABLE_OBJC_WEAK = YES;
				CLANG_WARN_BLOCK_CAPTURE_AUTORELEASING = YES;
				CLANG_WARN_BOOL_CONVERSION = YES;
				CLANG_WARN_COMMA = YES;
				CLANG_WARN_CONSTANT_CONVERSION = YES;
				CLANG_WARN_DEPRECATED_OBJC_IMPLEMENTATIONS = YES;
				CLANG_WARN_DIRECT_OBJC_ISA_USAGE = YES_ERROR;
				CLANG_WARN_DOCUMENTATION_COMMENTS = YES;
				CLANG_WARN_EMPTY_BODY = YES;
				CLANG_WARN_ENUM_CONVERSION = YES;
				CLANG_WARN_INFINITE_RECURSION = YES;
				CLANG_WARN_INT_CONVERSION = YES;
				CLANG_WARN_NON_LITERAL_NULL_CONVERSION = YES;
				CLANG_WARN_OBJC_IMPLICIT_RETAIN_SELF = YES;
				CLANG_WARN_OBJC_LITERAL_CONVERSION = YES;
				CLANG_WARN_OBJC_ROOT_CLASS = YES_ERROR;
				CLANG_WARN_RANGE_LOOP_ANALYSIS = YES;
				CLANG_WARN_STRICT_PROTOTYPES = YES;
				CLANG_WARN_SUSPICIOUS_MOVE = YES;
				CLANG_WARN_UNGUARDED_AVAILABILITY = YES_AGGRESSIVE;
				CLANG_WARN_UNREACHABLE_CODE = YES;
				CLANG_WARN__DUPLICATE_METHOD_MATCH = YES;
				CODE_SIGN_IDENTITY = "iPhone Developer";
				COPY_PHASE_STRIP = NO;
				DEBUG_INFORMATION_FORMAT = dwarf;
				ENABLE_STRICT_OBJC_MSGSEND = YES;
				ENABLE_TESTABILITY = YES;
				GCC_C_LANGUAGE_STANDARD = gnu11;
				GCC_DYNAMIC_NO_PIC = NO;
				GCC_NO_COMMON_BLOCKS = YES;
				GCC_OPTIMIZATION_LEVEL = 0;
				GCC_PREPROCESSOR_DEFINITIONS = (
					"DEBUG=1",
					"$(inherited)",
				);
				GCC_WARN_64_TO_32_BIT_CONVERSION = YES;
				GCC_WARN_ABOUT_RETURN_TYPE = YES_ERROR;
				GCC_WARN_UNDECLARED_SELECTOR = YES;
				GCC_WARN_UNINITIALIZED_AUTOS = YES_AGGRESSIVE;
				GCC_WARN_UNUSED_FUNCTION = YES;
				GCC_WARN_UNUSED_VARIABLE = YES;
				IPHONEOS_DEPLOYMENT_TARGET = 11.4;
				MTL_ENABLE_DEBUG_INFO = YES;
				ONLY_ACTIVE_ARCH = YES;
				SDKROOT = iphoneos;
				SWIFT_ACTIVE_COMPILATION_CONDITIONS = DEBUG;
				SWIFT_OPTIMIZATION_LEVEL = "-Onone";
			};
			name = Debug;
		};
		028D0C6721AC7DF2000FAAA1 /* Release */ = {
			isa = XCBuildConfiguration;
			buildSettings = {
				ALWAYS_SEARCH_USER_PATHS = NO;
				CLANG_ANALYZER_NONNULL = YES;
				CLANG_ANALYZER_NUMBER_OBJECT_CONVERSION = YES_AGGRESSIVE;
				CLANG_CXX_LANGUAGE_STANDARD = "gnu++14";
				CLANG_CXX_LIBRARY = "libc++";
				CLANG_ENABLE_MODULES = YES;
				CLANG_ENABLE_OBJC_ARC = YES;
				CLANG_ENABLE_OBJC_WEAK = YES;
				CLANG_WARN_BLOCK_CAPTURE_AUTORELEASING = YES;
				CLANG_WARN_BOOL_CONVERSION = YES;
				CLANG_WARN_COMMA = YES;
				CLANG_WARN_CONSTANT_CONVERSION = YES;
				CLANG_WARN_DEPRECATED_OBJC_IMPLEMENTATIONS = YES;
				CLANG_WARN_DIRECT_OBJC_ISA_USAGE = YES_ERROR;
				CLANG_WARN_DOCUMENTATION_COMMENTS = YES;
				CLANG_WARN_EMPTY_BODY = YES;
				CLANG_WARN_ENUM_CONVERSION = YES;
				CLANG_WARN_INFINITE_RECURSION = YES;
				CLANG_WARN_INT_CONVERSION = YES;
				CLANG_WARN_NON_LITERAL_NULL_CONVERSION = YES;
				CLANG_WARN_OBJC_IMPLICIT_RETAIN_SELF = YES;
				CLANG_WARN_OBJC_LITERAL_CONVERSION = YES;
				CLANG_WARN_OBJC_ROOT_CLASS = YES_ERROR;
				CLANG_WARN_RANGE_LOOP_ANALYSIS = YES;
				CLANG_WARN_STRICT_PROTOTYPES = YES;
				CLANG_WARN_SUSPICIOUS_MOVE = YES;
				CLANG_WARN_UNGUARDED_AVAILABILITY = YES_AGGRESSIVE;
				CLANG_WARN_UNREACHABLE_CODE = YES;
				CLANG_WARN__DUPLICATE_METHOD_MATCH = YES;
				CODE_SIGN_IDENTITY = "iPhone Developer";
				COPY_PHASE_STRIP = NO;
				DEBUG_INFORMATION_FORMAT = "dwarf-with-dsym";
				ENABLE_NS_ASSERTIONS = NO;
				ENABLE_STRICT_OBJC_MSGSEND = YES;
				GCC_C_LANGUAGE_STANDARD = gnu11;
				GCC_NO_COMMON_BLOCKS = YES;
				GCC_WARN_64_TO_32_BIT_CONVERSION = YES;
				GCC_WARN_ABOUT_RETURN_TYPE = YES_ERROR;
				GCC_WARN_UNDECLARED_SELECTOR = YES;
				GCC_WARN_UNINITIALIZED_AUTOS = YES_AGGRESSIVE;
				GCC_WARN_UNUSED_FUNCTION = YES;
				GCC_WARN_UNUSED_VARIABLE = YES;
				IPHONEOS_DEPLOYMENT_TARGET = 11.4;
				MTL_ENABLE_DEBUG_INFO = NO;
				SDKROOT = iphoneos;
				SWIFT_COMPILATION_MODE = wholemodule;
				SWIFT_OPTIMIZATION_LEVEL = "-O";
				VALIDATE_PRODUCT = YES;
			};
			name = Release;
		};
		028D0C6921AC7DF2000FAAA1 /* Debug */ = {
			isa = XCBuildConfiguration;
			buildSettings = {
				ASSETCATALOG_COMPILER_APPICON_NAME = AppIcon;
				CODE_SIGN_STYLE = Automatic;
				INFOPLIST_FILE = "Data Project/Info.plist";
				LD_RUNPATH_SEARCH_PATHS = (
					"$(inherited)",
					"@executable_path/Frameworks",
				);
				PRODUCT_BUNDLE_IDENTIFIER = "Ctec.Data-Project";
				PRODUCT_NAME = "$(TARGET_NAME)";
				SWIFT_VERSION = 4.0;
				TARGETED_DEVICE_FAMILY = "1,2";
			};
			name = Debug;
		};
		028D0C6A21AC7DF2000FAAA1 /* Release */ = {
			isa = XCBuildConfiguration;
			buildSettings = {
				ASSETCATALOG_COMPILER_APPICON_NAME = AppIcon;
				CODE_SIGN_STYLE = Automatic;
				INFOPLIST_FILE = "Data Project/Info.plist";
				LD_RUNPATH_SEARCH_PATHS = (
					"$(inherited)",
					"@executable_path/Frameworks",
				);
				PRODUCT_BUNDLE_IDENTIFIER = "Ctec.Data-Project";
				PRODUCT_NAME = "$(TARGET_NAME)";
				SWIFT_VERSION = 4.0;
				TARGETED_DEVICE_FAMILY = "1,2";
			};
			name = Release;
		};
/* End XCBuildConfiguration section */

/* Begin XCConfigurationList section */
		028D0C5121AC7DE9000FAAA1 /* Build configuration list for PBXProject "Data Project" */ = {
			isa = XCConfigurationList;
			buildConfigurations = (
				028D0C6621AC7DF2000FAAA1 /* Debug */,
				028D0C6721AC7DF2000FAAA1 /* Release */,
			);
			defaultConfigurationIsVisible = 0;
			defaultConfigurationName = Release;
		};
		028D0C6821AC7DF2000FAAA1 /* Build configuration list for PBXNativeTarget "Data Project" */ = {
			isa = XCConfigurationList;
			buildConfigurations = (
				028D0C6921AC7DF2000FAAA1 /* Debug */,
				028D0C6A21AC7DF2000FAAA1 /* Release */,
			);
			defaultConfigurationIsVisible = 0;
			defaultConfigurationName = Release;
		};
/* End XCConfigurationList section */
	};
	rootObject = 028D0C4E21AC7DE9000FAAA1 /* Project object */;
}
